
Microsoft Visual Studio Solution File, Format Version 12.00
# Visual Studio 15
VisualStudioVersion = 15.0.27130.2010
MinimumVisualStudioVersion = 10.0.40219.1
Project("{2150E333-8FDC-42A3-9474-1A3956D46DE8}") = "libraries", "libraries", "{081BCAA4-7635-4FD2-AAA3-746CC2FD4824}"
	ProjectSection(SolutionItems) = preProject
		Library\CommonAssemblyInfo.cs = Library\CommonAssemblyInfo.cs
	EndProjectSection
EndProject
Project("{9A19103F-16F7-4668-BE54-9A1E7A4F7556}") = "DomainDriven.Core", "Library\DomainDriven\Core\DomainDriven.Core.csproj", "{AB44C96C-28BC-458E-A4AD-9393177FF161}"
EndProject
Project("{9A19103F-16F7-4668-BE54-9A1E7A4F7556}") = "DomainDriven.Infrastructure", "Library\DomainDriven\Infrastructure\DomainDriven.Infrastructure.csproj", "{8C5CD0FE-3D21-493B-97AA-A1B579142930}"
EndProject
Project("{9A19103F-16F7-4668-BE54-9A1E7A4F7556}") = "Shared", "Library\Shared\Shared.csproj", "{FABA584F-4CD2-4E98-8741-75DD96D54BAE}"
EndProject
Project("{9A19103F-16F7-4668-BE54-9A1E7A4F7556}") = "Events.Core", "Services\Events\Core\Events.Core.csproj", "{DCAF702C-B22F-43A7-9B94-B50161518250}"
EndProject
Project("{9A19103F-16F7-4668-BE54-9A1E7A4F7556}") = "Events.Infrastructure", "Services\Events\Infrastructure\Events.Infrastructure.csproj", "{082F9FF2-E8E4-49FC-9A1C-A9F6F3A452BA}"
EndProject
Project("{2150E333-8FDC-42A3-9474-1A3956D46DE8}") = "Services", "Services", "{2FB8559C-79E6-4CA2-8FC9-598CA527797E}"
	ProjectSection(SolutionItems) = preProject
		Services\CommonAssemblyInfo.cs = Services\CommonAssemblyInfo.cs
	EndProjectSection
EndProject
Project("{2150E333-8FDC-42A3-9474-1A3956D46DE8}") = "Events", "Events", "{5D7DBFB7-F33D-40AE-9235-77BAD452A25A}"
EndProject
Project("{2150E333-8FDC-42A3-9474-1A3956D46DE8}") = "docs", "docs", "{7CCF8951-AC79-4612-B26E-CD6261C0BCC9}"
	ProjectSection(SolutionItems) = preProject
		..\docs\BackgroundTask.md = ..\docs\BackgroundTask.md
		..\docs\Backlog.md = ..\docs\Backlog.md
		..\docs\Cache.md = ..\docs\Cache.md
		..\docs\Configuration.md = ..\docs\Configuration.md
		..\docs\DataValidation.md = ..\docs\DataValidation.md
		..\docs\EFcore.md = ..\docs\EFcore.md
		..\docs\GetTokenInPostman.jpg = ..\docs\GetTokenInPostman.jpg
		..\docs\HttpClient.md = ..\docs\HttpClient.md
		..\docs\Identity.md = ..\docs\Identity.md
		..\docs\IntegrationEvent.md = ..\docs\IntegrationEvent.md
		..\Docs\IoC.md = ..\Docs\IoC.md
		..\Docs\Mapping.md = ..\Docs\Mapping.md
		..\README.md = ..\README.md
		..\docs\Setup.md = ..\docs\Setup.md
		..\docs\Testing.md = ..\docs\Testing.md
	EndProjectSection
EndProject
Project("{2150E333-8FDC-42A3-9474-1A3956D46DE8}") = "src", "src", "{ACC5BE90-3232-400A-9BEA-56887C7E905A}"
EndProject
Project("{9A19103F-16F7-4668-BE54-9A1E7A4F7556}") = "Events.Api", "Services\Events\Events.API\Events.Api.csproj", "{42EC73F9-32B2-46D7-BBAC-B79B6D6F84A5}"
EndProject
Project("{9A19103F-16F7-4668-BE54-9A1E7A4F7556}") = "Events.Service", "Services\Events\Service\Events.Service.csproj", "{7E8CA089-4B5B-4833-AB29-879DDFF06AAA}"
EndProject
Project("{9A19103F-16F7-4668-BE54-9A1E7A4F7556}") = "DomainDriven.Service", "Library\DomainDriven\Service\DomainDriven.Service.csproj", "{AD99896C-71A9-4098-ABC1-CC2DF2F85E58}"
EndProject
Project("{2150E333-8FDC-42A3-9474-1A3956D46DE8}") = "DomainDriven", "DomainDriven", "{38770472-7650-4B85-A5B6-A9E999B84B47}"
EndProject
Project("{9A19103F-16F7-4668-BE54-9A1E7A4F7556}") = "Web", "Library\Web\Web.csproj", "{1E2E8CCD-B9DE-4E7D-936D-8D103CB1A04A}"
EndProject
Project("{2150E333-8FDC-42A3-9474-1A3956D46DE8}") = "QualityTools", "QualityTools", "{F4D64E41-8A7A-4AAE-B24E-712D2C49EE09}"
EndProject
Project("{9A19103F-16F7-4668-BE54-9A1E7A4F7556}") = "QualityTools.Core", "Library\QualityTools\Core\QualityTools.Core.csproj", "{A0FEA47F-F811-4F5B-B8C9-585DD8766B9D}"
EndProject
Project("{9A19103F-16F7-4668-BE54-9A1E7A4F7556}") = "QualityTools.DomainDriven.Core", "Library\QualityTools\DomainDriven.Core\QualityTools.DomainDriven.Core.csproj", "{098A660A-7534-4F61-8347-E376C5B939FF}"
EndProject
Project("{9A19103F-16F7-4668-BE54-9A1E7A4F7556}") = "Events.Core.Test", "Services\Events\Core.Test\Events.Core.Test.csproj", "{4978DCCA-17A0-4FB1-B34C-6BA36BFE7CFE}"
EndProject
Project("{9A19103F-16F7-4668-BE54-9A1E7A4F7556}") = "Events.Infrastructure.Test", "Services\Events\Infrastructure.Test\Events.Infrastructure.Test.csproj", "{9EA42BF0-DD1F-4184-9E8D-39D9D7A89EB7}"
EndProject
Project("{9A19103F-16F7-4668-BE54-9A1E7A4F7556}") = "Events.Service.Test", "Services\Events\Service.Test\Events.Service.Test.csproj", "{106C75E8-5DF3-4F15-80C6-2642E125A148}"
EndProject
Project("{9A19103F-16F7-4668-BE54-9A1E7A4F7556}") = "Events.Api.IntegrationTest", "Services\Events\Events.Api.IntegrationTest\Events.Api.IntegrationTest.csproj", "{04FB22BA-12BC-49CE-AB52-99F0C080416F}"
EndProject
Project("{9A19103F-16F7-4668-BE54-9A1E7A4F7556}") = "Events.Api.FunctionalTest", "Services\Events\Events.Api.FunctionalTest\Events.Api.FunctionalTest.csproj", "{81D68115-7B49-4A89-A829-21BAA23E4430}"
EndProject
Project("{9A19103F-16F7-4668-BE54-9A1E7A4F7556}") = "QualityTools.Web", "Library\QualityTools\QualityTools.Web\QualityTools.Web.csproj", "{906E4134-9C1D-4482-B188-B50CF16AE03C}"
EndProject
Project("{2150E333-8FDC-42A3-9474-1A3956D46DE8}") = "Authentication", "Authentication", "{E69EF8A5-09AC-495A-992E-F64FACA18ED2}"
EndProject
Project("{9A19103F-16F7-4668-BE54-9A1E7A4F7556}") = "Identity.Server", "Services\Authentication\Identity.Server\Identity.Server.csproj", "{8823674D-F069-4716-BD3C-F16AC3A0C42A}"
EndProject
Project("{9A19103F-16F7-4668-BE54-9A1E7A4F7556}") = "QualityTools.DomainDriven.Infrastructure", "Library\QualityTools\QualityTools.DomainDriven.Infrastructure\QualityTools.DomainDriven.Infrastructure.csproj", "{5BA98B06-6CB6-4C57-9252-5A6CCA3E767F}"
EndProject
Project("{2150E333-8FDC-42A3-9474-1A3956D46DE8}") = "EventBus", "EventBus", "{E880E516-FD50-4B27-969C-B2BAF88C9D7D}"
EndProject
Project("{9A19103F-16F7-4668-BE54-9A1E7A4F7556}") = "EventBus.Tests", "Library\EventBus\EventBus.Tests\EventBus.Tests.csproj", "{D619DC2F-6BFF-4D38-AFA3-97F48937926E}"
EndProject
Project("{9A19103F-16F7-4668-BE54-9A1E7A4F7556}") = "EventBus.RabbitMQ", "Library\EventBus\EventBus.RabbitMQ\EventBus.RabbitMQ.csproj", "{B528A2B7-A26F-4A71-A67C-AD889671BEB8}"
EndProject
Project("{9A19103F-16F7-4668-BE54-9A1E7A4F7556}") = "EventBus.AzureServiceBus", "Library\EventBus\EventBus.AzureServiceBus\EventBus.AzureServiceBus.csproj", "{9A66D0CB-CF3A-4F90-8A10-0516A5924431}"
EndProject
Project("{9A19103F-16F7-4668-BE54-9A1E7A4F7556}") = "EventBus", "Library\EventBus\EventBus\EventBus.csproj", "{8D972F76-09B8-42EC-B1A9-EC9F482CBECC}"
EndProject
Project("{9A19103F-16F7-4668-BE54-9A1E7A4F7556}") = "EntityFrameworkCore", "Library\EntityFrameworkCore\EntityFrameworkCore.csproj", "{27D7D199-BAC0-4274-B3FC-9A072CB00B97}"
EndProject
Project("{2150E333-8FDC-42A3-9474-1A3956D46DE8}") = "tools", "tools", "{5DCBD62D-6839-4097-B4BE-F176E8EF2398}"
EndProject
Project("{2150E333-8FDC-42A3-9474-1A3956D46DE8}") = "docker", "docker", "{0B30A24D-2C53-40BC-9EBC-F60434E3CA8A}"
	ProjectSection(SolutionItems) = preProject
		..\tools\Docker\WindowsContainerNetworking-LoggingAndCleanupAide.ps1 = ..\tools\Docker\WindowsContainerNetworking-LoggingAndCleanupAide.ps1
	EndProjectSection
EndProject
Project("{E53339B2-1760-4266-BCC7-CA923CBCF16C}") = "docker-compose", "docker-compose.dcproj", "{E0DFE61C-1711-458D-83E8-51D129319B77}"
EndProject
Project("{2150E333-8FDC-42A3-9474-1A3956D46DE8}") = "Solution Items", "Solution Items", "{E832EF33-4256-4F2D-BF12-EC6971F0536C}"
	ProjectSection(SolutionItems) = preProject
		.env = .env
	EndProjectSection
EndProject
Project("{9A19103F-16F7-4668-BE54-9A1E7A4F7556}") = "Events.BackgroundTasks", "Services\Events\Events.BackgroundTasks\Events.BackgroundTasks.csproj", "{A8E3B227-9106-4E9D-8194-AD61CF6B5D6A}"
EndProject
Project("{9A19103F-16F7-4668-BE54-9A1E7A4F7556}") = "EventBus.AspNetCore", "Library\EventBus\EventBus.AspNetCore\EventBus.AspNetCore.csproj", "{FB36F28C-B4CA-4F2F-A2B3-6846EBA30531}"
EndProject
Global
	GlobalSection(SolutionConfigurationPlatforms) = preSolution
		Debug|Any CPU = Debug|Any CPU
		Release|Any CPU = Release|Any CPU
	EndGlobalSection
	GlobalSection(ProjectConfigurationPlatforms) = postSolution
		{AB44C96C-28BC-458E-A4AD-9393177FF161}.Debug|Any CPU.ActiveCfg = Debug|Any CPU
		{AB44C96C-28BC-458E-A4AD-9393177FF161}.Debug|Any CPU.Build.0 = Debug|Any CPU
		{AB44C96C-28BC-458E-A4AD-9393177FF161}.Release|Any CPU.ActiveCfg = Release|Any CPU
		{AB44C96C-28BC-458E-A4AD-9393177FF161}.Release|Any CPU.Build.0 = Release|Any CPU
		{8C5CD0FE-3D21-493B-97AA-A1B579142930}.Debug|Any CPU.ActiveCfg = Debug|Any CPU
		{8C5CD0FE-3D21-493B-97AA-A1B579142930}.Debug|Any CPU.Build.0 = Debug|Any CPU
		{8C5CD0FE-3D21-493B-97AA-A1B579142930}.Release|Any CPU.ActiveCfg = Release|Any CPU
		{8C5CD0FE-3D21-493B-97AA-A1B579142930}.Release|Any CPU.Build.0 = Release|Any CPU
		{FABA584F-4CD2-4E98-8741-75DD96D54BAE}.Debug|Any CPU.ActiveCfg = Debug|Any CPU
		{FABA584F-4CD2-4E98-8741-75DD96D54BAE}.Debug|Any CPU.Build.0 = Debug|Any CPU
		{FABA584F-4CD2-4E98-8741-75DD96D54BAE}.Release|Any CPU.ActiveCfg = Release|Any CPU
		{FABA584F-4CD2-4E98-8741-75DD96D54BAE}.Release|Any CPU.Build.0 = Release|Any CPU
		{DCAF702C-B22F-43A7-9B94-B50161518250}.Debug|Any CPU.ActiveCfg = Debug|Any CPU
		{DCAF702C-B22F-43A7-9B94-B50161518250}.Debug|Any CPU.Build.0 = Debug|Any CPU
		{DCAF702C-B22F-43A7-9B94-B50161518250}.Release|Any CPU.ActiveCfg = Release|Any CPU
		{DCAF702C-B22F-43A7-9B94-B50161518250}.Release|Any CPU.Build.0 = Release|Any CPU
		{082F9FF2-E8E4-49FC-9A1C-A9F6F3A452BA}.Debug|Any CPU.ActiveCfg = Debug|Any CPU
		{082F9FF2-E8E4-49FC-9A1C-A9F6F3A452BA}.Debug|Any CPU.Build.0 = Debug|Any CPU
		{082F9FF2-E8E4-49FC-9A1C-A9F6F3A452BA}.Release|Any CPU.ActiveCfg = Release|Any CPU
		{082F9FF2-E8E4-49FC-9A1C-A9F6F3A452BA}.Release|Any CPU.Build.0 = Release|Any CPU
		{42EC73F9-32B2-46D7-BBAC-B79B6D6F84A5}.Debug|Any CPU.ActiveCfg = Debug|Any CPU
		{42EC73F9-32B2-46D7-BBAC-B79B6D6F84A5}.Debug|Any CPU.Build.0 = Debug|Any CPU
		{42EC73F9-32B2-46D7-BBAC-B79B6D6F84A5}.Release|Any CPU.ActiveCfg = Release|Any CPU
		{42EC73F9-32B2-46D7-BBAC-B79B6D6F84A5}.Release|Any CPU.Build.0 = Release|Any CPU
		{7E8CA089-4B5B-4833-AB29-879DDFF06AAA}.Debug|Any CPU.ActiveCfg = Debug|Any CPU
		{7E8CA089-4B5B-4833-AB29-879DDFF06AAA}.Debug|Any CPU.Build.0 = Debug|Any CPU
		{7E8CA089-4B5B-4833-AB29-879DDFF06AAA}.Release|Any CPU.ActiveCfg = Release|Any CPU
		{7E8CA089-4B5B-4833-AB29-879DDFF06AAA}.Release|Any CPU.Build.0 = Release|Any CPU
		{AD99896C-71A9-4098-ABC1-CC2DF2F85E58}.Debug|Any CPU.ActiveCfg = Debug|Any CPU
		{AD99896C-71A9-4098-ABC1-CC2DF2F85E58}.Debug|Any CPU.Build.0 = Debug|Any CPU
		{AD99896C-71A9-4098-ABC1-CC2DF2F85E58}.Release|Any CPU.ActiveCfg = Release|Any CPU
		{AD99896C-71A9-4098-ABC1-CC2DF2F85E58}.Release|Any CPU.Build.0 = Release|Any CPU
		{1E2E8CCD-B9DE-4E7D-936D-8D103CB1A04A}.Debug|Any CPU.ActiveCfg = Debug|Any CPU
		{1E2E8CCD-B9DE-4E7D-936D-8D103CB1A04A}.Debug|Any CPU.Build.0 = Debug|Any CPU
		{1E2E8CCD-B9DE-4E7D-936D-8D103CB1A04A}.Release|Any CPU.ActiveCfg = Release|Any CPU
		{1E2E8CCD-B9DE-4E7D-936D-8D103CB1A04A}.Release|Any CPU.Build.0 = Release|Any CPU
		{A0FEA47F-F811-4F5B-B8C9-585DD8766B9D}.Debug|Any CPU.ActiveCfg = Debug|Any CPU
		{A0FEA47F-F811-4F5B-B8C9-585DD8766B9D}.Debug|Any CPU.Build.0 = Debug|Any CPU
		{A0FEA47F-F811-4F5B-B8C9-585DD8766B9D}.Release|Any CPU.ActiveCfg = Release|Any CPU
		{A0FEA47F-F811-4F5B-B8C9-585DD8766B9D}.Release|Any CPU.Build.0 = Release|Any CPU
		{098A660A-7534-4F61-8347-E376C5B939FF}.Debug|Any CPU.ActiveCfg = Debug|Any CPU
		{098A660A-7534-4F61-8347-E376C5B939FF}.Debug|Any CPU.Build.0 = Debug|Any CPU
		{098A660A-7534-4F61-8347-E376C5B939FF}.Release|Any CPU.ActiveCfg = Release|Any CPU
		{098A660A-7534-4F61-8347-E376C5B939FF}.Release|Any CPU.Build.0 = Release|Any CPU
		{4978DCCA-17A0-4FB1-B34C-6BA36BFE7CFE}.Debug|Any CPU.ActiveCfg = Debug|Any CPU
		{4978DCCA-17A0-4FB1-B34C-6BA36BFE7CFE}.Debug|Any CPU.Build.0 = Debug|Any CPU
		{4978DCCA-17A0-4FB1-B34C-6BA36BFE7CFE}.Release|Any CPU.ActiveCfg = Release|Any CPU
		{4978DCCA-17A0-4FB1-B34C-6BA36BFE7CFE}.Release|Any CPU.Build.0 = Release|Any CPU
		{9EA42BF0-DD1F-4184-9E8D-39D9D7A89EB7}.Debug|Any CPU.ActiveCfg = Debug|Any CPU
		{9EA42BF0-DD1F-4184-9E8D-39D9D7A89EB7}.Debug|Any CPU.Build.0 = Debug|Any CPU
		{9EA42BF0-DD1F-4184-9E8D-39D9D7A89EB7}.Release|Any CPU.ActiveCfg = Release|Any CPU
		{9EA42BF0-DD1F-4184-9E8D-39D9D7A89EB7}.Release|Any CPU.Build.0 = Release|Any CPU
		{106C75E8-5DF3-4F15-80C6-2642E125A148}.Debug|Any CPU.ActiveCfg = Debug|Any CPU
		{106C75E8-5DF3-4F15-80C6-2642E125A148}.Debug|Any CPU.Build.0 = Debug|Any CPU
		{106C75E8-5DF3-4F15-80C6-2642E125A148}.Release|Any CPU.ActiveCfg = Release|Any CPU
		{106C75E8-5DF3-4F15-80C6-2642E125A148}.Release|Any CPU.Build.0 = Release|Any CPU
		{04FB22BA-12BC-49CE-AB52-99F0C080416F}.Debug|Any CPU.ActiveCfg = Debug|Any CPU
		{04FB22BA-12BC-49CE-AB52-99F0C080416F}.Debug|Any CPU.Build.0 = Debug|Any CPU
		{04FB22BA-12BC-49CE-AB52-99F0C080416F}.Release|Any CPU.ActiveCfg = Release|Any CPU
		{04FB22BA-12BC-49CE-AB52-99F0C080416F}.Release|Any CPU.Build.0 = Release|Any CPU
		{81D68115-7B49-4A89-A829-21BAA23E4430}.Debug|Any CPU.ActiveCfg = Debug|Any CPU
		{81D68115-7B49-4A89-A829-21BAA23E4430}.Debug|Any CPU.Build.0 = Debug|Any CPU
		{81D68115-7B49-4A89-A829-21BAA23E4430}.Release|Any CPU.ActiveCfg = Release|Any CPU
		{81D68115-7B49-4A89-A829-21BAA23E4430}.Release|Any CPU.Build.0 = Release|Any CPU
		{906E4134-9C1D-4482-B188-B50CF16AE03C}.Debug|Any CPU.ActiveCfg = Debug|Any CPU
		{906E4134-9C1D-4482-B188-B50CF16AE03C}.Debug|Any CPU.Build.0 = Debug|Any CPU
		{906E4134-9C1D-4482-B188-B50CF16AE03C}.Release|Any CPU.ActiveCfg = Release|Any CPU
		{906E4134-9C1D-4482-B188-B50CF16AE03C}.Release|Any CPU.Build.0 = Release|Any CPU
		{8823674D-F069-4716-BD3C-F16AC3A0C42A}.Debug|Any CPU.ActiveCfg = Debug|Any CPU
		{8823674D-F069-4716-BD3C-F16AC3A0C42A}.Debug|Any CPU.Build.0 = Debug|Any CPU
		{8823674D-F069-4716-BD3C-F16AC3A0C42A}.Release|Any CPU.ActiveCfg = Release|Any CPU
		{8823674D-F069-4716-BD3C-F16AC3A0C42A}.Release|Any CPU.Build.0 = Release|Any CPU
		{5BA98B06-6CB6-4C57-9252-5A6CCA3E767F}.Debug|Any CPU.ActiveCfg = Debug|Any CPU
		{5BA98B06-6CB6-4C57-9252-5A6CCA3E767F}.Debug|Any CPU.Build.0 = Debug|Any CPU
		{5BA98B06-6CB6-4C57-9252-5A6CCA3E767F}.Release|Any CPU.ActiveCfg = Release|Any CPU
		{5BA98B06-6CB6-4C57-9252-5A6CCA3E767F}.Release|Any CPU.Build.0 = Release|Any CPU
		{D619DC2F-6BFF-4D38-AFA3-97F48937926E}.Debug|Any CPU.ActiveCfg = Debug|Any CPU
		{D619DC2F-6BFF-4D38-AFA3-97F48937926E}.Debug|Any CPU.Build.0 = Debug|Any CPU
		{D619DC2F-6BFF-4D38-AFA3-97F48937926E}.Release|Any CPU.ActiveCfg = Release|Any CPU
		{D619DC2F-6BFF-4D38-AFA3-97F48937926E}.Release|Any CPU.Build.0 = Release|Any CPU
		{B528A2B7-A26F-4A71-A67C-AD889671BEB8}.Debug|Any CPU.ActiveCfg = Debug|Any CPU
		{B528A2B7-A26F-4A71-A67C-AD889671BEB8}.Debug|Any CPU.Build.0 = Debug|Any CPU
		{B528A2B7-A26F-4A71-A67C-AD889671BEB8}.Release|Any CPU.ActiveCfg = Release|Any CPU
		{B528A2B7-A26F-4A71-A67C-AD889671BEB8}.Release|Any CPU.Build.0 = Release|Any CPU
		{9A66D0CB-CF3A-4F90-8A10-0516A5924431}.Debug|Any CPU.ActiveCfg = Debug|Any CPU
		{9A66D0CB-CF3A-4F90-8A10-0516A5924431}.Debug|Any CPU.Build.0 = Debug|Any CPU
		{9A66D0CB-CF3A-4F90-8A10-0516A5924431}.Release|Any CPU.ActiveCfg = Release|Any CPU
		{9A66D0CB-CF3A-4F90-8A10-0516A5924431}.Release|Any CPU.Build.0 = Release|Any CPU
		{8D972F76-09B8-42EC-B1A9-EC9F482CBECC}.Debug|Any CPU.ActiveCfg = Debug|Any CPU
		{8D972F76-09B8-42EC-B1A9-EC9F482CBECC}.Debug|Any CPU.Build.0 = Debug|Any CPU
		{8D972F76-09B8-42EC-B1A9-EC9F482CBECC}.Release|Any CPU.ActiveCfg = Release|Any CPU
		{8D972F76-09B8-42EC-B1A9-EC9F482CBECC}.Release|Any CPU.Build.0 = Release|Any CPU
		{27D7D199-BAC0-4274-B3FC-9A072CB00B97}.Debug|Any CPU.ActiveCfg = Debug|Any CPU
		{27D7D199-BAC0-4274-B3FC-9A072CB00B97}.Debug|Any CPU.Build.0 = Debug|Any CPU
		{27D7D199-BAC0-4274-B3FC-9A072CB00B97}.Release|Any CPU.ActiveCfg = Release|Any CPU
		{27D7D199-BAC0-4274-B3FC-9A072CB00B97}.Release|Any CPU.Build.0 = Release|Any CPU
		{E0DFE61C-1711-458D-83E8-51D129319B77}.Debug|Any CPU.ActiveCfg = Debug|Any CPU
		{E0DFE61C-1711-458D-83E8-51D129319B77}.Debug|Any CPU.Build.0 = Debug|Any CPU
		{E0DFE61C-1711-458D-83E8-51D129319B77}.Release|Any CPU.ActiveCfg = Release|Any CPU
		{E0DFE61C-1711-458D-83E8-51D129319B77}.Release|Any CPU.Build.0 = Release|Any CPU
		{A8E3B227-9106-4E9D-8194-AD61CF6B5D6A}.Debug|Any CPU.ActiveCfg = Debug|Any CPU
		{A8E3B227-9106-4E9D-8194-AD61CF6B5D6A}.Debug|Any CPU.Build.0 = Debug|Any CPU
		{A8E3B227-9106-4E9D-8194-AD61CF6B5D6A}.Release|Any CPU.ActiveCfg = Release|Any CPU
		{A8E3B227-9106-4E9D-8194-AD61CF6B5D6A}.Release|Any CPU.Build.0 = Release|Any CPU
		{FB36F28C-B4CA-4F2F-A2B3-6846EBA30531}.Debug|Any CPU.ActiveCfg = Debug|Any CPU
		{FB36F28C-B4CA-4F2F-A2B3-6846EBA30531}.Debug|Any CPU.Build.0 = Debug|Any CPU
		{FB36F28C-B4CA-4F2F-A2B3-6846EBA30531}.Release|Any CPU.ActiveCfg = Release|Any CPU
		{FB36F28C-B4CA-4F2F-A2B3-6846EBA30531}.Release|Any CPU.Build.0 = Release|Any CPU
	EndGlobalSection
	GlobalSection(SolutionProperties) = preSolution
		HideSolutionNode = FALSE
	EndGlobalSection
	GlobalSection(NestedProjects) = preSolution
		{081BCAA4-7635-4FD2-AAA3-746CC2FD4824} = {ACC5BE90-3232-400A-9BEA-56887C7E905A}
		{AB44C96C-28BC-458E-A4AD-9393177FF161} = {38770472-7650-4B85-A5B6-A9E999B84B47}
		{8C5CD0FE-3D21-493B-97AA-A1B579142930} = {38770472-7650-4B85-A5B6-A9E999B84B47}
		{FABA584F-4CD2-4E98-8741-75DD96D54BAE} = {081BCAA4-7635-4FD2-AAA3-746CC2FD4824}
		{DCAF702C-B22F-43A7-9B94-B50161518250} = {5D7DBFB7-F33D-40AE-9235-77BAD452A25A}
		{082F9FF2-E8E4-49FC-9A1C-A9F6F3A452BA} = {5D7DBFB7-F33D-40AE-9235-77BAD452A25A}
		{2FB8559C-79E6-4CA2-8FC9-598CA527797E} = {ACC5BE90-3232-400A-9BEA-56887C7E905A}
		{5D7DBFB7-F33D-40AE-9235-77BAD452A25A} = {2FB8559C-79E6-4CA2-8FC9-598CA527797E}
		{42EC73F9-32B2-46D7-BBAC-B79B6D6F84A5} = {5D7DBFB7-F33D-40AE-9235-77BAD452A25A}
		{7E8CA089-4B5B-4833-AB29-879DDFF06AAA} = {5D7DBFB7-F33D-40AE-9235-77BAD452A25A}
		{AD99896C-71A9-4098-ABC1-CC2DF2F85E58} = {38770472-7650-4B85-A5B6-A9E999B84B47}
		{38770472-7650-4B85-A5B6-A9E999B84B47} = {081BCAA4-7635-4FD2-AAA3-746CC2FD4824}
		{1E2E8CCD-B9DE-4E7D-936D-8D103CB1A04A} = {081BCAA4-7635-4FD2-AAA3-746CC2FD4824}
		{F4D64E41-8A7A-4AAE-B24E-712D2C49EE09} = {081BCAA4-7635-4FD2-AAA3-746CC2FD4824}
		{A0FEA47F-F811-4F5B-B8C9-585DD8766B9D} = {F4D64E41-8A7A-4AAE-B24E-712D2C49EE09}
		{098A660A-7534-4F61-8347-E376C5B939FF} = {F4D64E41-8A7A-4AAE-B24E-712D2C49EE09}
		{4978DCCA-17A0-4FB1-B34C-6BA36BFE7CFE} = {5D7DBFB7-F33D-40AE-9235-77BAD452A25A}
		{9EA42BF0-DD1F-4184-9E8D-39D9D7A89EB7} = {5D7DBFB7-F33D-40AE-9235-77BAD452A25A}
		{106C75E8-5DF3-4F15-80C6-2642E125A148} = {5D7DBFB7-F33D-40AE-9235-77BAD452A25A}
		{04FB22BA-12BC-49CE-AB52-99F0C080416F} = {5D7DBFB7-F33D-40AE-9235-77BAD452A25A}
		{81D68115-7B49-4A89-A829-21BAA23E4430} = {5D7DBFB7-F33D-40AE-9235-77BAD452A25A}
		{906E4134-9C1D-4482-B188-B50CF16AE03C} = {F4D64E41-8A7A-4AAE-B24E-712D2C49EE09}
		{E69EF8A5-09AC-495A-992E-F64FACA18ED2} = {2FB8559C-79E6-4CA2-8FC9-598CA527797E}
		{8823674D-F069-4716-BD3C-F16AC3A0C42A} = {E69EF8A5-09AC-495A-992E-F64FACA18ED2}
		{5BA98B06-6CB6-4C57-9252-5A6CCA3E767F} = {F4D64E41-8A7A-4AAE-B24E-712D2C49EE09}
		{E880E516-FD50-4B27-969C-B2BAF88C9D7D} = {081BCAA4-7635-4FD2-AAA3-746CC2FD4824}
		{D619DC2F-6BFF-4D38-AFA3-97F48937926E} = {E880E516-FD50-4B27-969C-B2BAF88C9D7D}
		{B528A2B7-A26F-4A71-A67C-AD889671BEB8} = {E880E516-FD50-4B27-969C-B2BAF88C9D7D}
		{9A66D0CB-CF3A-4F90-8A10-0516A5924431} = {E880E516-FD50-4B27-969C-B2BAF88C9D7D}
		{8D972F76-09B8-42EC-B1A9-EC9F482CBECC} = {E880E516-FD50-4B27-969C-B2BAF88C9D7D}
		{27D7D199-BAC0-4274-B3FC-9A072CB00B97} = {081BCAA4-7635-4FD2-AAA3-746CC2FD4824}
		{0B30A24D-2C53-40BC-9EBC-F60434E3CA8A} = {5DCBD62D-6839-4097-B4BE-F176E8EF2398}
		{A8E3B227-9106-4E9D-8194-AD61CF6B5D6A} = {5D7DBFB7-F33D-40AE-9235-77BAD452A25A}
		{FB36F28C-B4CA-4F2F-A2B3-6846EBA30531} = {E880E516-FD50-4B27-969C-B2BAF88C9D7D}
	EndGlobalSection
	GlobalSection(ExtensibilityGlobals) = postSolution
		SolutionGuid = {22D16100-61EC-41DC-A4E8-2DE984C5D2ED}
	EndGlobalSection
EndGlobal
